Microsoft Visual Studio Solution File, Format Version 9.00
# Visual Studio 2005
Project("{8BC9CEB8-8B4A-11D0-8D11-00A0C91BC942}") = "Sparse", "hydro\sparse\Sparse.vcproj", "{C291C9CB-B4FF-49EC-961D-32726A5763CE}"
EndProject
Project("{6989167D-11E4-40FE-8C1A-2192A86A7E90}") = "fixed", "input\fixed\fixed.vfproj", "{3A00CCE6-FC5F-4913-ACD9-80C5A5E95A1B}"
EndProject
Project("{6989167D-11E4-40FE-8C1A-2192A86A7E90}") = "time-varying", "input\time-varying\time-varying.vfproj", "{3CCD7E80-95BB-41AE-8E1E-9088A39AA708}"
EndProject
Project("{6989167D-11E4-40FE-8C1A-2192A86A7E90}") = "hydro", "hydro\hydro.vfproj", "{6E6F0E22-067B-4182-B667-EFC2DADA072D}"
	ProjectSection(ProjectDependencies) = postProject
		{3CCD7E80-95BB-41AE-8E1E-9088A39AA708} = {3CCD7E80-95BB-41AE-8E1E-9088A39AA708}
		{C291C9CB-B4FF-49EC-961D-32726A5763CE} = {C291C9CB-B4FF-49EC-961D-32726A5763CE}
		{3A00CCE6-FC5F-4913-ACD9-80C5A5E95A1B} = {3A00CCE6-FC5F-4913-ACD9-80C5A5E95A1B}
	EndProjectSection
EndProject
Project("{6989167D-11E4-40FE-8C1A-2192A86A7E90}") = "ptm_native_fortran", "ptm\ptm_native_fortran\ptm_native_fortran.vfproj", "{87DFE91A-ACBC-4D91-8C79-D19CFE905248}"
	ProjectSection(ProjectDependencies) = postProject
		{3CCD7E80-95BB-41AE-8E1E-9088A39AA708} = {3CCD7E80-95BB-41AE-8E1E-9088A39AA708}
		{3A00CCE6-FC5F-4913-ACD9-80C5A5E95A1B} = {3A00CCE6-FC5F-4913-ACD9-80C5A5E95A1B}
	EndProjectSection
EndProject
Project("{6989167D-11E4-40FE-8C1A-2192A86A7E90}") = "qual", "qual\qual.vfproj", "{B27E0E34-3B8B-4F6C-811A-1CE5E9254667}"
	ProjectSection(ProjectDependencies) = postProject
		{3CCD7E80-95BB-41AE-8E1E-9088A39AA708} = {3CCD7E80-95BB-41AE-8E1E-9088A39AA708}
		{3A00CCE6-FC5F-4913-ACD9-80C5A5E95A1B} = {3A00CCE6-FC5F-4913-ACD9-80C5A5E95A1B}
	EndProjectSection
EndProject
Project("{8BC9CEB8-8B4A-11D0-8D11-00A0C91BC942}") = "ptm_native_dll", "ptm\ptm_dll\ptm.vcproj", "{0EBE427A-9D42-4595-99A5-23830EF780AB}"
	ProjectSection(ProjectDependencies) = postProject
		{87DFE91A-ACBC-4D91-8C79-D19CFE905248} = {87DFE91A-ACBC-4D91-8C79-D19CFE905248}
		{3CCD7E80-95BB-41AE-8E1E-9088A39AA708} = {3CCD7E80-95BB-41AE-8E1E-9088A39AA708}
		{3A00CCE6-FC5F-4913-ACD9-80C5A5E95A1B} = {3A00CCE6-FC5F-4913-ACD9-80C5A5E95A1B}
	EndProjectSection
EndProject
Global
	GlobalSection(SolutionConfigurationPlatforms) = preSolution
		Debug|Win32 = Debug|Win32
		DLL|Win32 = DLL|Win32
		Release|Win32 = Release|Win32
	EndGlobalSection
	GlobalSection(ProjectConfigurationPlatforms) = postSolution
		{C291C9CB-B4FF-49EC-961D-32726A5763CE}.Debug|Win32.ActiveCfg = Debug|Win32
		{C291C9CB-B4FF-49EC-961D-32726A5763CE}.Debug|Win32.Build.0 = Debug|Win32
		{C291C9CB-B4FF-49EC-961D-32726A5763CE}.DLL|Win32.ActiveCfg = DLL|Win32
		{C291C9CB-B4FF-49EC-961D-32726A5763CE}.DLL|Win32.Build.0 = DLL|Win32
		{C291C9CB-B4FF-49EC-961D-32726A5763CE}.Release|Win32.ActiveCfg = Release|Win32
		{C291C9CB-B4FF-49EC-961D-32726A5763CE}.Release|Win32.Build.0 = Release|Win32
		{3A00CCE6-FC5F-4913-ACD9-80C5A5E95A1B}.Debug|Win32.ActiveCfg = Debug|Win32
		{3A00CCE6-FC5F-4913-ACD9-80C5A5E95A1B}.Debug|Win32.Build.0 = Debug|Win32
		{3A00CCE6-FC5F-4913-ACD9-80C5A5E95A1B}.DLL|Win32.ActiveCfg = DLL|Win32
		{3A00CCE6-FC5F-4913-ACD9-80C5A5E95A1B}.DLL|Win32.Build.0 = DLL|Win32
		{3A00CCE6-FC5F-4913-ACD9-80C5A5E95A1B}.Release|Win32.ActiveCfg = Release|Win32
		{3A00CCE6-FC5F-4913-ACD9-80C5A5E95A1B}.Release|Win32.Build.0 = Release|Win32
		{3CCD7E80-95BB-41AE-8E1E-9088A39AA708}.Debug|Win32.ActiveCfg = Debug|Win32
		{3CCD7E80-95BB-41AE-8E1E-9088A39AA708}.Debug|Win32.Build.0 = Debug|Win32
		{3CCD7E80-95BB-41AE-8E1E-9088A39AA708}.DLL|Win32.ActiveCfg = DLL|Win32
		{3CCD7E80-95BB-41AE-8E1E-9088A39AA708}.DLL|Win32.Build.0 = DLL|Win32
		{3CCD7E80-95BB-41AE-8E1E-9088A39AA708}.Release|Win32.ActiveCfg = Release|Win32
		{3CCD7E80-95BB-41AE-8E1E-9088A39AA708}.Release|Win32.Build.0 = Release|Win32
		{6E6F0E22-067B-4182-B667-EFC2DADA072D}.Debug|Win32.ActiveCfg = Debug|Win32
		{6E6F0E22-067B-4182-B667-EFC2DADA072D}.Debug|Win32.Build.0 = Debug|Win32
		{6E6F0E22-067B-4182-B667-EFC2DADA072D}.DLL|Win32.ActiveCfg = DLL|Win32
		{6E6F0E22-067B-4182-B667-EFC2DADA072D}.DLL|Win32.Build.0 = DLL|Win32
		{6E6F0E22-067B-4182-B667-EFC2DADA072D}.Release|Win32.ActiveCfg = Release|Win32
		{6E6F0E22-067B-4182-B667-EFC2DADA072D}.Release|Win32.Build.0 = Release|Win32
		{87DFE91A-ACBC-4D91-8C79-D19CFE905248}.Debug|Win32.ActiveCfg = Debug|Win32
		{87DFE91A-ACBC-4D91-8C79-D19CFE905248}.Debug|Win32.Build.0 = Debug|Win32
		{87DFE91A-ACBC-4D91-8C79-D19CFE905248}.DLL|Win32.ActiveCfg = DLL|Win32
		{87DFE91A-ACBC-4D91-8C79-D19CFE905248}.DLL|Win32.Build.0 = DLL|Win32
		{87DFE91A-ACBC-4D91-8C79-D19CFE905248}.Release|Win32.ActiveCfg = Release|Win32
		{87DFE91A-ACBC-4D91-8C79-D19CFE905248}.Release|Win32.Build.0 = Release|Win32
		{B27E0E34-3B8B-4F6C-811A-1CE5E9254667}.Debug|Win32.ActiveCfg = Debug|Win32
		{B27E0E34-3B8B-4F6C-811A-1CE5E9254667}.Debug|Win32.Build.0 = Debug|Win32
		{B27E0E34-3B8B-4F6C-811A-1CE5E9254667}.DLL|Win32.ActiveCfg = DLL|Win32
		{B27E0E34-3B8B-4F6C-811A-1CE5E9254667}.DLL|Win32.Build.0 = DLL|Win32
		{B27E0E34-3B8B-4F6C-811A-1CE5E9254667}.Release|Win32.ActiveCfg = Release|Win32
		{B27E0E34-3B8B-4F6C-811A-1CE5E9254667}.Release|Win32.Build.0 = Release|Win32
		{0EBE427A-9D42-4595-99A5-23830EF780AB}.Debug|Win32.ActiveCfg = Debug|Win32
		{0EBE427A-9D42-4595-99A5-23830EF780AB}.Debug|Win32.Build.0 = Debug|Win32
		{0EBE427A-9D42-4595-99A5-23830EF780AB}.DLL|Win32.ActiveCfg = DLL|Win32
		{0EBE427A-9D42-4595-99A5-23830EF780AB}.DLL|Win32.Build.0 = DLL|Win32
		{0EBE427A-9D42-4595-99A5-23830EF780AB}.Release|Win32.ActiveCfg = Release|Win32
		{0EBE427A-9D42-4595-99A5-23830EF780AB}.Release|Win32.Build.0 = Release|Win32
	EndGlobalSection
	GlobalSection(SolutionProperties) = preSolution
		HideSolutionNode = FALSE
	EndGlobalSection
EndGlobal
