
Microsoft Visual Studio Solution File, Format Version 10.00
# Visual Studio 2008
Project("{6989167D-11E4-40FE-8C1A-2192A86A7E90}") = "fixed", "..\fixed\fixed.vfproj", "{2A3DEC63-C0A0-432D-96DC-E518D78267B6}"
	ProjectSection(ProjectDependencies) = postProject
		{125CD990-5E4A-4E67-9F2F-7E62C8025526} = {125CD990-5E4A-4E67-9F2F-7E62C8025526}
		{05D1DBF4-B135-4E7A-A795-14DBAEFBAE7B} = {05D1DBF4-B135-4E7A-A795-14DBAEFBAE7B}
		{521862FC-E128-492E-87DC-9C0471F678EC} = {521862FC-E128-492E-87DC-9C0471F678EC}
		{8F2072FD-1892-4F5D-BD2B-EBD34419F6B4} = {8F2072FD-1892-4F5D-BD2B-EBD34419F6B4}
	EndProjectSection
EndProject
Project("{6989167D-11E4-40FE-8C1A-2192A86A7E90}") = "timevar", "..\timevar\timevar.vfproj", "{8F2072FD-1892-4F5D-BD2B-EBD34419F6B4}"
	ProjectSection(ProjectDependencies) = postProject
		{521862FC-E128-492E-87DC-9C0471F678EC} = {521862FC-E128-492E-87DC-9C0471F678EC}
	EndProjectSection
EndProject
Project("{8BC9CEB8-8B4A-11D0-8D11-00A0C91BC942}") = "pattern_match", "..\pattern_match\pattern_match.vcproj", "{04D4561F-2861-4AB5-9785-BD708C5F025D}"
EndProject
Project("{6989167D-11E4-40FE-8C1A-2192A86A7E90}") = "oprule_interface_fortran", "..\oprule_interface_fortran\oprule_interface_fortran.vfproj", "{18E58B09-062A-42A0-BB90-52D111FC4698}"
	ProjectSection(ProjectDependencies) = postProject
		{2A3DEC63-C0A0-432D-96DC-E518D78267B6} = {2A3DEC63-C0A0-432D-96DC-E518D78267B6}
		{2E1DD6A8-84AD-4E6C-9E58-9BA6FF9940A6} = {2E1DD6A8-84AD-4E6C-9E58-9BA6FF9940A6}
		{521862FC-E128-492E-87DC-9C0471F678EC} = {521862FC-E128-492E-87DC-9C0471F678EC}
		{8F2072FD-1892-4F5D-BD2B-EBD34419F6B4} = {8F2072FD-1892-4F5D-BD2B-EBD34419F6B4}
	EndProjectSection
EndProject
Project("{8BC9CEB8-8B4A-11D0-8D11-00A0C91BC942}") = "oprule_interface_cpp", "..\oprule_interface_cpp\oprule_interface_cpp.vcproj", "{416B971C-8F61-418C-A9FC-EE116085D77D}"
	ProjectSection(ProjectDependencies) = postProject
		{18E58B09-062A-42A0-BB90-52D111FC4698} = {18E58B09-062A-42A0-BB90-52D111FC4698}
	EndProjectSection
EndProject
Project("{EAF909A5-FA59-4C3D-9431-0FCC20D5BCF9}") = "sparse", "..\sparse\sparse.icproj", "{82919F0D-2D36-4B44-B949-B92B9362FFCE}"
EndProject
Project("{6989167D-11E4-40FE-8C1A-2192A86A7E90}") = "hydrolib", "..\hydrolib\hydrolib.vfproj", "{2E1DD6A8-84AD-4E6C-9E58-9BA6FF9940A6}"
	ProjectSection(ProjectDependencies) = postProject
		{82919F0D-2D36-4B44-B949-B92B9362FFCE} = {82919F0D-2D36-4B44-B949-B92B9362FFCE}
		{04D4561F-2861-4AB5-9785-BD708C5F025D} = {04D4561F-2861-4AB5-9785-BD708C5F025D}
		{7EBE5945-DE7F-4165-A573-5784320DE6E9} = {7EBE5945-DE7F-4165-A573-5784320DE6E9}
		{2A3DEC63-C0A0-432D-96DC-E518D78267B6} = {2A3DEC63-C0A0-432D-96DC-E518D78267B6}
		{125CD990-5E4A-4E67-9F2F-7E62C8025526} = {125CD990-5E4A-4E67-9F2F-7E62C8025526}
		{33F25CCB-9EE6-4DAA-B823-D396DD23F90A} = {33F25CCB-9EE6-4DAA-B823-D396DD23F90A}
		{05D1DBF4-B135-4E7A-A795-14DBAEFBAE7B} = {05D1DBF4-B135-4E7A-A795-14DBAEFBAE7B}
		{521862FC-E128-492E-87DC-9C0471F678EC} = {521862FC-E128-492E-87DC-9C0471F678EC}
		{8F2072FD-1892-4F5D-BD2B-EBD34419F6B4} = {8F2072FD-1892-4F5D-BD2B-EBD34419F6B4}
	EndProjectSection
EndProject
Project("{6989167D-11E4-40FE-8C1A-2192A86A7E90}") = "hdf_tidefile_fortran", "..\hdf_tidefile\hdf_tidefile_fortran.vfproj", "{33F25CCB-9EE6-4DAA-B823-D396DD23F90A}"
	ProjectSection(ProjectDependencies) = postProject
		{521862FC-E128-492E-87DC-9C0471F678EC} = {521862FC-E128-492E-87DC-9C0471F678EC}
	EndProjectSection
EndProject
Project("{6989167D-11E4-40FE-8C1A-2192A86A7E90}") = "hydro", "..\hydro\hydro.vfproj", "{D05701D6-278E-47FE-9EFB-4A7FAA727181}"
	ProjectSection(ProjectDependencies) = postProject
		{18E58B09-062A-42A0-BB90-52D111FC4698} = {18E58B09-062A-42A0-BB90-52D111FC4698}
		{82919F0D-2D36-4B44-B949-B92B9362FFCE} = {82919F0D-2D36-4B44-B949-B92B9362FFCE}
		{416B971C-8F61-418C-A9FC-EE116085D77D} = {416B971C-8F61-418C-A9FC-EE116085D77D}
		{04D4561F-2861-4AB5-9785-BD708C5F025D} = {04D4561F-2861-4AB5-9785-BD708C5F025D}
		{7EBE5945-DE7F-4165-A573-5784320DE6E9} = {7EBE5945-DE7F-4165-A573-5784320DE6E9}
		{2A3DEC63-C0A0-432D-96DC-E518D78267B6} = {2A3DEC63-C0A0-432D-96DC-E518D78267B6}
		{125CD990-5E4A-4E67-9F2F-7E62C8025526} = {125CD990-5E4A-4E67-9F2F-7E62C8025526}
		{2E1DD6A8-84AD-4E6C-9E58-9BA6FF9940A6} = {2E1DD6A8-84AD-4E6C-9E58-9BA6FF9940A6}
		{33F25CCB-9EE6-4DAA-B823-D396DD23F90A} = {33F25CCB-9EE6-4DAA-B823-D396DD23F90A}
		{54CB74E3-1335-4C2C-ACDD-97F3B39B856E} = {54CB74E3-1335-4C2C-ACDD-97F3B39B856E}
		{05D1DBF4-B135-4E7A-A795-14DBAEFBAE7B} = {05D1DBF4-B135-4E7A-A795-14DBAEFBAE7B}
		{521862FC-E128-492E-87DC-9C0471F678EC} = {521862FC-E128-492E-87DC-9C0471F678EC}
		{8F2072FD-1892-4F5D-BD2B-EBD34419F6B4} = {8F2072FD-1892-4F5D-BD2B-EBD34419F6B4}
	EndProjectSection
EndProject
Project("{8BC9CEB8-8B4A-11D0-8D11-00A0C91BC942}") = "hdf_tidefile_cpp", "..\hdf_tidefile_cpp\hdf_tidefile_cpp.vcproj", "{7EBE5945-DE7F-4165-A573-5784320DE6E9}"
	ProjectSection(ProjectDependencies) = postProject
		{521862FC-E128-492E-87DC-9C0471F678EC} = {521862FC-E128-492E-87DC-9C0471F678EC}
	EndProjectSection
EndProject
Project("{6989167D-11E4-40FE-8C1A-2192A86A7E90}") = "qual", "..\qual\qual.vfproj", "{9F3C728A-E36D-4E57-9C61-E1642E781B3E}"
	ProjectSection(ProjectDependencies) = postProject
		{18E58B09-062A-42A0-BB90-52D111FC4698} = {18E58B09-062A-42A0-BB90-52D111FC4698}
		{82919F0D-2D36-4B44-B949-B92B9362FFCE} = {82919F0D-2D36-4B44-B949-B92B9362FFCE}
		{416B971C-8F61-418C-A9FC-EE116085D77D} = {416B971C-8F61-418C-A9FC-EE116085D77D}
		{04D4561F-2861-4AB5-9785-BD708C5F025D} = {04D4561F-2861-4AB5-9785-BD708C5F025D}
		{7EBE5945-DE7F-4165-A573-5784320DE6E9} = {7EBE5945-DE7F-4165-A573-5784320DE6E9}
		{2A3DEC63-C0A0-432D-96DC-E518D78267B6} = {2A3DEC63-C0A0-432D-96DC-E518D78267B6}
		{125CD990-5E4A-4E67-9F2F-7E62C8025526} = {125CD990-5E4A-4E67-9F2F-7E62C8025526}
		{2E1DD6A8-84AD-4E6C-9E58-9BA6FF9940A6} = {2E1DD6A8-84AD-4E6C-9E58-9BA6FF9940A6}
		{33F25CCB-9EE6-4DAA-B823-D396DD23F90A} = {33F25CCB-9EE6-4DAA-B823-D396DD23F90A}
		{05D1DBF4-B135-4E7A-A795-14DBAEFBAE7B} = {05D1DBF4-B135-4E7A-A795-14DBAEFBAE7B}
		{521862FC-E128-492E-87DC-9C0471F678EC} = {521862FC-E128-492E-87DC-9C0471F678EC}
		{8F2072FD-1892-4F5D-BD2B-EBD34419F6B4} = {8F2072FD-1892-4F5D-BD2B-EBD34419F6B4}
	EndProjectSection
EndProject
Project("{6989167D-11E4-40FE-8C1A-2192A86A7E90}") = "ptm_fortran", "..\ptm_fortran\ptm_fortran.vfproj", "{103A80C2-8A15-439B-9EC6-A146474E2EB5}"
	ProjectSection(ProjectDependencies) = postProject
		{04D4561F-2861-4AB5-9785-BD708C5F025D} = {04D4561F-2861-4AB5-9785-BD708C5F025D}
		{7EBE5945-DE7F-4165-A573-5784320DE6E9} = {7EBE5945-DE7F-4165-A573-5784320DE6E9}
		{2A3DEC63-C0A0-432D-96DC-E518D78267B6} = {2A3DEC63-C0A0-432D-96DC-E518D78267B6}
		{33F25CCB-9EE6-4DAA-B823-D396DD23F90A} = {33F25CCB-9EE6-4DAA-B823-D396DD23F90A}
		{521862FC-E128-492E-87DC-9C0471F678EC} = {521862FC-E128-492E-87DC-9C0471F678EC}
		{8F2072FD-1892-4F5D-BD2B-EBD34419F6B4} = {8F2072FD-1892-4F5D-BD2B-EBD34419F6B4}
	EndProjectSection
EndProject
Project("{8BC9CEB8-8B4A-11D0-8D11-00A0C91BC942}") = "ptm_dll", "..\ptm_dll\ptm_dll.vcproj", "{E24B75CE-C17D-4F93-9D92-7DFF2F36B13C}"
	ProjectSection(ProjectDependencies) = postProject
		{04D4561F-2861-4AB5-9785-BD708C5F025D} = {04D4561F-2861-4AB5-9785-BD708C5F025D}
		{7EBE5945-DE7F-4165-A573-5784320DE6E9} = {7EBE5945-DE7F-4165-A573-5784320DE6E9}
		{2A3DEC63-C0A0-432D-96DC-E518D78267B6} = {2A3DEC63-C0A0-432D-96DC-E518D78267B6}
		{125CD990-5E4A-4E67-9F2F-7E62C8025526} = {125CD990-5E4A-4E67-9F2F-7E62C8025526}
		{103A80C2-8A15-439B-9EC6-A146474E2EB5} = {103A80C2-8A15-439B-9EC6-A146474E2EB5}
		{33F25CCB-9EE6-4DAA-B823-D396DD23F90A} = {33F25CCB-9EE6-4DAA-B823-D396DD23F90A}
		{05D1DBF4-B135-4E7A-A795-14DBAEFBAE7B} = {05D1DBF4-B135-4E7A-A795-14DBAEFBAE7B}
		{521862FC-E128-492E-87DC-9C0471F678EC} = {521862FC-E128-492E-87DC-9C0471F678EC}
		{8F2072FD-1892-4F5D-BD2B-EBD34419F6B4} = {8F2072FD-1892-4F5D-BD2B-EBD34419F6B4}
	EndProjectSection
EndProject
Project("{6989167D-11E4-40FE-8C1A-2192A86A7E90}") = "common", "..\common\common.vfproj", "{521862FC-E128-492E-87DC-9C0471F678EC}"
EndProject
Project("{6989167D-11E4-40FE-8C1A-2192A86A7E90}") = "input_storage", "..\input_storage\input_storage.vfproj", "{05D1DBF4-B135-4E7A-A795-14DBAEFBAE7B}"
	ProjectSection(ProjectDependencies) = postProject
		{125CD990-5E4A-4E67-9F2F-7E62C8025526} = {125CD990-5E4A-4E67-9F2F-7E62C8025526}
	EndProjectSection
EndProject
Project("{8BC9CEB8-8B4A-11D0-8D11-00A0C91BC942}") = "input_storage_cpp", "..\input_storage_cpp\input_storage_cpp.vcproj", "{125CD990-5E4A-4E67-9F2F-7E62C8025526}"
EndProject
Project("{EAF909A5-FA59-4C3D-9431-0FCC20D5BCF9}") = "klu_fortran", "..\klu_fortran\klu_fortran.icproj", "{54CB74E3-1335-4C2C-ACDD-97F3B39B856E}"
EndProject
Global
	GlobalSection(IntelOptPkgProperties) = preSolution
		LoadPackage = true
	EndGlobalSection
	GlobalSection(SolutionConfigurationPlatforms) = preSolution
		Debug|Any CPU = Debug|Any CPU
		Debug|Mixed Platforms = Debug|Mixed Platforms
		Debug|Win32 = Debug|Win32
		DLL|Any CPU = DLL|Any CPU
		DLL|Mixed Platforms = DLL|Mixed Platforms
		DLL|Win32 = DLL|Win32
		Intel_SSA|Any CPU = Intel_SSA|Any CPU
		Intel_SSA|Mixed Platforms = Intel_SSA|Mixed Platforms
		Intel_SSA|Win32 = Intel_SSA|Win32
		Release|Any CPU = Release|Any CPU
		Release|Mixed Platforms = Release|Mixed Platforms
		Release|Win32 = Release|Win32
	EndGlobalSection
	GlobalSection(ProjectConfigurationPlatforms) = postSolution
		{2A3DEC63-C0A0-432D-96DC-E518D78267B6}.Debug|Any CPU.ActiveCfg = Debug|Win32
		{2A3DEC63-C0A0-432D-96DC-E518D78267B6}.Debug|Mixed Platforms.ActiveCfg = Debug|Win32
		{2A3DEC63-C0A0-432D-96DC-E518D78267B6}.Debug|Mixed Platforms.Build.0 = Debug|Win32
		{2A3DEC63-C0A0-432D-96DC-E518D78267B6}.Debug|Win32.ActiveCfg = Debug|Win32
		{2A3DEC63-C0A0-432D-96DC-E518D78267B6}.Debug|Win32.Build.0 = Debug|Win32
		{2A3DEC63-C0A0-432D-96DC-E518D78267B6}.DLL|Any CPU.ActiveCfg = DLL|Win32
		{2A3DEC63-C0A0-432D-96DC-E518D78267B6}.DLL|Mixed Platforms.ActiveCfg = DLL|Win32
		{2A3DEC63-C0A0-432D-96DC-E518D78267B6}.DLL|Mixed Platforms.Build.0 = DLL|Win32
		{2A3DEC63-C0A0-432D-96DC-E518D78267B6}.DLL|Win32.ActiveCfg = DLL|Win32
		{2A3DEC63-C0A0-432D-96DC-E518D78267B6}.DLL|Win32.Build.0 = DLL|Win32
		{2A3DEC63-C0A0-432D-96DC-E518D78267B6}.Intel_SSA|Any CPU.ActiveCfg = DLL|Win32
		{2A3DEC63-C0A0-432D-96DC-E518D78267B6}.Intel_SSA|Mixed Platforms.ActiveCfg = DLL|Win32
		{2A3DEC63-C0A0-432D-96DC-E518D78267B6}.Intel_SSA|Mixed Platforms.Build.0 = DLL|Win32
		{2A3DEC63-C0A0-432D-96DC-E518D78267B6}.Intel_SSA|Win32.ActiveCfg = DLL|Win32
		{2A3DEC63-C0A0-432D-96DC-E518D78267B6}.Intel_SSA|Win32.Build.0 = DLL|Win32
		{2A3DEC63-C0A0-432D-96DC-E518D78267B6}.Release|Any CPU.ActiveCfg = Release|Win32
		{2A3DEC63-C0A0-432D-96DC-E518D78267B6}.Release|Mixed Platforms.ActiveCfg = Release|Win32
		{2A3DEC63-C0A0-432D-96DC-E518D78267B6}.Release|Mixed Platforms.Build.0 = Release|Win32
		{2A3DEC63-C0A0-432D-96DC-E518D78267B6}.Release|Win32.ActiveCfg = Release|Win32
		{2A3DEC63-C0A0-432D-96DC-E518D78267B6}.Release|Win32.Build.0 = Release|Win32
		{8F2072FD-1892-4F5D-BD2B-EBD34419F6B4}.Debug|Any CPU.ActiveCfg = Debug|Win32
		{8F2072FD-1892-4F5D-BD2B-EBD34419F6B4}.Debug|Mixed Platforms.ActiveCfg = Debug|Win32
		{8F2072FD-1892-4F5D-BD2B-EBD34419F6B4}.Debug|Mixed Platforms.Build.0 = Debug|Win32
		{8F2072FD-1892-4F5D-BD2B-EBD34419F6B4}.Debug|Win32.ActiveCfg = Debug|Win32
		{8F2072FD-1892-4F5D-BD2B-EBD34419F6B4}.Debug|Win32.Build.0 = Debug|Win32
		{8F2072FD-1892-4F5D-BD2B-EBD34419F6B4}.DLL|Any CPU.ActiveCfg = DLL|Win32
		{8F2072FD-1892-4F5D-BD2B-EBD34419F6B4}.DLL|Mixed Platforms.ActiveCfg = DLL|Win32
		{8F2072FD-1892-4F5D-BD2B-EBD34419F6B4}.DLL|Mixed Platforms.Build.0 = DLL|Win32
		{8F2072FD-1892-4F5D-BD2B-EBD34419F6B4}.DLL|Win32.ActiveCfg = DLL|Win32
		{8F2072FD-1892-4F5D-BD2B-EBD34419F6B4}.DLL|Win32.Build.0 = DLL|Win32
		{8F2072FD-1892-4F5D-BD2B-EBD34419F6B4}.Intel_SSA|Any CPU.ActiveCfg = DLL|Win32
		{8F2072FD-1892-4F5D-BD2B-EBD34419F6B4}.Intel_SSA|Mixed Platforms.ActiveCfg = DLL|Win32
		{8F2072FD-1892-4F5D-BD2B-EBD34419F6B4}.Intel_SSA|Mixed Platforms.Build.0 = DLL|Win32
		{8F2072FD-1892-4F5D-BD2B-EBD34419F6B4}.Intel_SSA|Win32.ActiveCfg = DLL|Win32
		{8F2072FD-1892-4F5D-BD2B-EBD34419F6B4}.Intel_SSA|Win32.Build.0 = DLL|Win32
		{8F2072FD-1892-4F5D-BD2B-EBD34419F6B4}.Release|Any CPU.ActiveCfg = Release|Win32
		{8F2072FD-1892-4F5D-BD2B-EBD34419F6B4}.Release|Mixed Platforms.ActiveCfg = Release|Win32
		{8F2072FD-1892-4F5D-BD2B-EBD34419F6B4}.Release|Mixed Platforms.Build.0 = Release|Win32
		{8F2072FD-1892-4F5D-BD2B-EBD34419F6B4}.Release|Win32.ActiveCfg = Release|Win32
		{8F2072FD-1892-4F5D-BD2B-EBD34419F6B4}.Release|Win32.Build.0 = Release|Win32
		{04D4561F-2861-4AB5-9785-BD708C5F025D}.Debug|Any CPU.ActiveCfg = Debug|Win32
		{04D4561F-2861-4AB5-9785-BD708C5F025D}.Debug|Mixed Platforms.ActiveCfg = Debug|Win32
		{04D4561F-2861-4AB5-9785-BD708C5F025D}.Debug|Mixed Platforms.Build.0 = Debug|Win32
		{04D4561F-2861-4AB5-9785-BD708C5F025D}.Debug|Win32.ActiveCfg = Debug|Win32
		{04D4561F-2861-4AB5-9785-BD708C5F025D}.Debug|Win32.Build.0 = Debug|Win32
		{04D4561F-2861-4AB5-9785-BD708C5F025D}.DLL|Any CPU.ActiveCfg = DLL|Win32
		{04D4561F-2861-4AB5-9785-BD708C5F025D}.DLL|Mixed Platforms.ActiveCfg = DLL|Win32
		{04D4561F-2861-4AB5-9785-BD708C5F025D}.DLL|Mixed Platforms.Build.0 = DLL|Win32
		{04D4561F-2861-4AB5-9785-BD708C5F025D}.DLL|Win32.ActiveCfg = DLL|Win32
		{04D4561F-2861-4AB5-9785-BD708C5F025D}.DLL|Win32.Build.0 = DLL|Win32
		{04D4561F-2861-4AB5-9785-BD708C5F025D}.Intel_SSA|Any CPU.ActiveCfg = DLL|Win32
		{04D4561F-2861-4AB5-9785-BD708C5F025D}.Intel_SSA|Mixed Platforms.ActiveCfg = DLL|Win32
		{04D4561F-2861-4AB5-9785-BD708C5F025D}.Intel_SSA|Mixed Platforms.Build.0 = DLL|Win32
		{04D4561F-2861-4AB5-9785-BD708C5F025D}.Intel_SSA|Win32.ActiveCfg = DLL|Win32
		{04D4561F-2861-4AB5-9785-BD708C5F025D}.Intel_SSA|Win32.Build.0 = DLL|Win32
		{04D4561F-2861-4AB5-9785-BD708C5F025D}.Release|Any CPU.ActiveCfg = Release|Win32
		{04D4561F-2861-4AB5-9785-BD708C5F025D}.Release|Mixed Platforms.ActiveCfg = Release|Win32
		{04D4561F-2861-4AB5-9785-BD708C5F025D}.Release|Mixed Platforms.Build.0 = Release|Win32
		{04D4561F-2861-4AB5-9785-BD708C5F025D}.Release|Win32.ActiveCfg = Release|Win32
		{04D4561F-2861-4AB5-9785-BD708C5F025D}.Release|Win32.Build.0 = Release|Win32
		{18E58B09-062A-42A0-BB90-52D111FC4698}.Debug|Any CPU.ActiveCfg = Debug|Win32
		{18E58B09-062A-42A0-BB90-52D111FC4698}.Debug|Mixed Platforms.ActiveCfg = Debug|Win32
		{18E58B09-062A-42A0-BB90-52D111FC4698}.Debug|Mixed Platforms.Build.0 = Debug|Win32
		{18E58B09-062A-42A0-BB90-52D111FC4698}.Debug|Win32.ActiveCfg = Debug|Win32
		{18E58B09-062A-42A0-BB90-52D111FC4698}.Debug|Win32.Build.0 = Debug|Win32
		{18E58B09-062A-42A0-BB90-52D111FC4698}.DLL|Any CPU.ActiveCfg = DLL|Win32
		{18E58B09-062A-42A0-BB90-52D111FC4698}.DLL|Mixed Platforms.ActiveCfg = DLL|Win32
		{18E58B09-062A-42A0-BB90-52D111FC4698}.DLL|Mixed Platforms.Build.0 = DLL|Win32
		{18E58B09-062A-42A0-BB90-52D111FC4698}.DLL|Win32.ActiveCfg = DLL|Win32
		{18E58B09-062A-42A0-BB90-52D111FC4698}.DLL|Win32.Build.0 = DLL|Win32
		{18E58B09-062A-42A0-BB90-52D111FC4698}.Intel_SSA|Any CPU.ActiveCfg = DLL|Win32
		{18E58B09-062A-42A0-BB90-52D111FC4698}.Intel_SSA|Mixed Platforms.ActiveCfg = DLL|Win32
		{18E58B09-062A-42A0-BB90-52D111FC4698}.Intel_SSA|Mixed Platforms.Build.0 = DLL|Win32
		{18E58B09-062A-42A0-BB90-52D111FC4698}.Intel_SSA|Win32.ActiveCfg = DLL|Win32
		{18E58B09-062A-42A0-BB90-52D111FC4698}.Intel_SSA|Win32.Build.0 = DLL|Win32
		{18E58B09-062A-42A0-BB90-52D111FC4698}.Release|Any CPU.ActiveCfg = Release|Win32
		{18E58B09-062A-42A0-BB90-52D111FC4698}.Release|Mixed Platforms.ActiveCfg = Release|Win32
		{18E58B09-062A-42A0-BB90-52D111FC4698}.Release|Mixed Platforms.Build.0 = Release|Win32
		{18E58B09-062A-42A0-BB90-52D111FC4698}.Release|Win32.ActiveCfg = Release|Win32
		{18E58B09-062A-42A0-BB90-52D111FC4698}.Release|Win32.Build.0 = Release|Win32
		{416B971C-8F61-418C-A9FC-EE116085D77D}.Debug|Any CPU.ActiveCfg = Debug|Win32
		{416B971C-8F61-418C-A9FC-EE116085D77D}.Debug|Mixed Platforms.ActiveCfg = Debug|Win32
		{416B971C-8F61-418C-A9FC-EE116085D77D}.Debug|Mixed Platforms.Build.0 = Debug|Win32
		{416B971C-8F61-418C-A9FC-EE116085D77D}.Debug|Win32.ActiveCfg = Debug|Win32
		{416B971C-8F61-418C-A9FC-EE116085D77D}.Debug|Win32.Build.0 = Debug|Win32
		{416B971C-8F61-418C-A9FC-EE116085D77D}.DLL|Any CPU.ActiveCfg = DLL|Win32
		{416B971C-8F61-418C-A9FC-EE116085D77D}.DLL|Mixed Platforms.ActiveCfg = DLL|Win32
		{416B971C-8F61-418C-A9FC-EE116085D77D}.DLL|Mixed Platforms.Build.0 = DLL|Win32
		{416B971C-8F61-418C-A9FC-EE116085D77D}.DLL|Win32.ActiveCfg = DLL|Win32
		{416B971C-8F61-418C-A9FC-EE116085D77D}.DLL|Win32.Build.0 = DLL|Win32
		{416B971C-8F61-418C-A9FC-EE116085D77D}.Intel_SSA|Any CPU.ActiveCfg = DLL|Win32
		{416B971C-8F61-418C-A9FC-EE116085D77D}.Intel_SSA|Mixed Platforms.ActiveCfg = DLL|Win32
		{416B971C-8F61-418C-A9FC-EE116085D77D}.Intel_SSA|Mixed Platforms.Build.0 = DLL|Win32
		{416B971C-8F61-418C-A9FC-EE116085D77D}.Intel_SSA|Win32.ActiveCfg = DLL|Win32
		{416B971C-8F61-418C-A9FC-EE116085D77D}.Intel_SSA|Win32.Build.0 = DLL|Win32
		{416B971C-8F61-418C-A9FC-EE116085D77D}.Release|Any CPU.ActiveCfg = Release|Win32
		{416B971C-8F61-418C-A9FC-EE116085D77D}.Release|Mixed Platforms.ActiveCfg = Release|Win32
		{416B971C-8F61-418C-A9FC-EE116085D77D}.Release|Mixed Platforms.Build.0 = Release|Win32
		{416B971C-8F61-418C-A9FC-EE116085D77D}.Release|Win32.ActiveCfg = Release|Win32
		{416B971C-8F61-418C-A9FC-EE116085D77D}.Release|Win32.Build.0 = Release|Win32
		{82919F0D-2D36-4B44-B949-B92B9362FFCE}.Debug|Any CPU.ActiveCfg = Debug|Win32
		{82919F0D-2D36-4B44-B949-B92B9362FFCE}.Debug|Mixed Platforms.ActiveCfg = Debug|Win32
		{82919F0D-2D36-4B44-B949-B92B9362FFCE}.Debug|Mixed Platforms.Build.0 = Debug|Win32
		{82919F0D-2D36-4B44-B949-B92B9362FFCE}.Debug|Win32.ActiveCfg = Debug|Win32
		{82919F0D-2D36-4B44-B949-B92B9362FFCE}.Debug|Win32.Build.0 = Debug|Win32
		{82919F0D-2D36-4B44-B949-B92B9362FFCE}.DLL|Any CPU.ActiveCfg = DLL|Win32
		{82919F0D-2D36-4B44-B949-B92B9362FFCE}.DLL|Mixed Platforms.ActiveCfg = DLL|Win32
		{82919F0D-2D36-4B44-B949-B92B9362FFCE}.DLL|Mixed Platforms.Build.0 = DLL|Win32
		{82919F0D-2D36-4B44-B949-B92B9362FFCE}.DLL|Win32.ActiveCfg = DLL|Win32
		{82919F0D-2D36-4B44-B949-B92B9362FFCE}.DLL|Win32.Build.0 = DLL|Win32
		{82919F0D-2D36-4B44-B949-B92B9362FFCE}.Intel_SSA|Any CPU.ActiveCfg = DLL|Win32
		{82919F0D-2D36-4B44-B949-B92B9362FFCE}.Intel_SSA|Mixed Platforms.ActiveCfg = DLL|Win32
		{82919F0D-2D36-4B44-B949-B92B9362FFCE}.Intel_SSA|Mixed Platforms.Build.0 = DLL|Win32
		{82919F0D-2D36-4B44-B949-B92B9362FFCE}.Intel_SSA|Win32.ActiveCfg = DLL|Win32
		{82919F0D-2D36-4B44-B949-B92B9362FFCE}.Intel_SSA|Win32.Build.0 = DLL|Win32
		{82919F0D-2D36-4B44-B949-B92B9362FFCE}.Release|Any CPU.ActiveCfg = Release|Win32
		{82919F0D-2D36-4B44-B949-B92B9362FFCE}.Release|Mixed Platforms.ActiveCfg = Release|Win32
		{82919F0D-2D36-4B44-B949-B92B9362FFCE}.Release|Mixed Platforms.Build.0 = Release|Win32
		{82919F0D-2D36-4B44-B949-B92B9362FFCE}.Release|Win32.ActiveCfg = Release|Win32
		{82919F0D-2D36-4B44-B949-B92B9362FFCE}.Release|Win32.Build.0 = Release|Win32
		{2E1DD6A8-84AD-4E6C-9E58-9BA6FF9940A6}.Debug|Any CPU.ActiveCfg = Debug|Win32
		{2E1DD6A8-84AD-4E6C-9E58-9BA6FF9940A6}.Debug|Mixed Platforms.ActiveCfg = Debug|Win32
		{2E1DD6A8-84AD-4E6C-9E58-9BA6FF9940A6}.Debug|Mixed Platforms.Build.0 = Debug|Win32
		{2E1DD6A8-84AD-4E6C-9E58-9BA6FF9940A6}.Debug|Win32.ActiveCfg = Debug|Win32
		{2E1DD6A8-84AD-4E6C-9E58-9BA6FF9940A6}.Debug|Win32.Build.0 = Debug|Win32
		{2E1DD6A8-84AD-4E6C-9E58-9BA6FF9940A6}.DLL|Any CPU.ActiveCfg = DLL|Win32
		{2E1DD6A8-84AD-4E6C-9E58-9BA6FF9940A6}.DLL|Mixed Platforms.ActiveCfg = DLL|Win32
		{2E1DD6A8-84AD-4E6C-9E58-9BA6FF9940A6}.DLL|Mixed Platforms.Build.0 = DLL|Win32
		{2E1DD6A8-84AD-4E6C-9E58-9BA6FF9940A6}.DLL|Win32.ActiveCfg = DLL|Win32
		{2E1DD6A8-84AD-4E6C-9E58-9BA6FF9940A6}.Intel_SSA|Any CPU.ActiveCfg = DLL|Win32
		{2E1DD6A8-84AD-4E6C-9E58-9BA6FF9940A6}.Intel_SSA|Mixed Platforms.ActiveCfg = DLL|Win32
		{2E1DD6A8-84AD-4E6C-9E58-9BA6FF9940A6}.Intel_SSA|Mixed Platforms.Build.0 = DLL|Win32
		{2E1DD6A8-84AD-4E6C-9E58-9BA6FF9940A6}.Intel_SSA|Win32.ActiveCfg = DLL|Win32
		{2E1DD6A8-84AD-4E6C-9E58-9BA6FF9940A6}.Intel_SSA|Win32.Build.0 = DLL|Win32
		{2E1DD6A8-84AD-4E6C-9E58-9BA6FF9940A6}.Release|Any CPU.ActiveCfg = Release|Win32
		{2E1DD6A8-84AD-4E6C-9E58-9BA6FF9940A6}.Release|Mixed Platforms.ActiveCfg = Release|Win32
		{2E1DD6A8-84AD-4E6C-9E58-9BA6FF9940A6}.Release|Mixed Platforms.Build.0 = Release|Win32
		{2E1DD6A8-84AD-4E6C-9E58-9BA6FF9940A6}.Release|Win32.ActiveCfg = Release|Win32
		{2E1DD6A8-84AD-4E6C-9E58-9BA6FF9940A6}.Release|Win32.Build.0 = Release|Win32
		{33F25CCB-9EE6-4DAA-B823-D396DD23F90A}.Debug|Any CPU.ActiveCfg = Debug|Win32
		{33F25CCB-9EE6-4DAA-B823-D396DD23F90A}.Debug|Mixed Platforms.ActiveCfg = Debug|Win32
		{33F25CCB-9EE6-4DAA-B823-D396DD23F90A}.Debug|Mixed Platforms.Build.0 = Debug|Win32
		{33F25CCB-9EE6-4DAA-B823-D396DD23F90A}.Debug|Win32.ActiveCfg = Debug|Win32
		{33F25CCB-9EE6-4DAA-B823-D396DD23F90A}.Debug|Win32.Build.0 = Debug|Win32
		{33F25CCB-9EE6-4DAA-B823-D396DD23F90A}.DLL|Any CPU.ActiveCfg = DLL|Win32
		{33F25CCB-9EE6-4DAA-B823-D396DD23F90A}.DLL|Mixed Platforms.ActiveCfg = DLL|Win32
		{33F25CCB-9EE6-4DAA-B823-D396DD23F90A}.DLL|Mixed Platforms.Build.0 = DLL|Win32
		{33F25CCB-9EE6-4DAA-B823-D396DD23F90A}.DLL|Win32.ActiveCfg = DLL|Win32
		{33F25CCB-9EE6-4DAA-B823-D396DD23F90A}.DLL|Win32.Build.0 = DLL|Win32
		{33F25CCB-9EE6-4DAA-B823-D396DD23F90A}.Intel_SSA|Any CPU.ActiveCfg = DLL|Win32
		{33F25CCB-9EE6-4DAA-B823-D396DD23F90A}.Intel_SSA|Mixed Platforms.ActiveCfg = DLL|Win32
		{33F25CCB-9EE6-4DAA-B823-D396DD23F90A}.Intel_SSA|Mixed Platforms.Build.0 = DLL|Win32
		{33F25CCB-9EE6-4DAA-B823-D396DD23F90A}.Intel_SSA|Win32.ActiveCfg = DLL|Win32
		{33F25CCB-9EE6-4DAA-B823-D396DD23F90A}.Intel_SSA|Win32.Build.0 = DLL|Win32
		{33F25CCB-9EE6-4DAA-B823-D396DD23F90A}.Release|Any CPU.ActiveCfg = Release|Win32
		{33F25CCB-9EE6-4DAA-B823-D396DD23F90A}.Release|Mixed Platforms.ActiveCfg = Release|Win32
		{33F25CCB-9EE6-4DAA-B823-D396DD23F90A}.Release|Mixed Platforms.Build.0 = Release|Win32
		{33F25CCB-9EE6-4DAA-B823-D396DD23F90A}.Release|Win32.ActiveCfg = Release|Win32
		{33F25CCB-9EE6-4DAA-B823-D396DD23F90A}.Release|Win32.Build.0 = Release|Win32
		{D05701D6-278E-47FE-9EFB-4A7FAA727181}.Debug|Any CPU.ActiveCfg = Debug|Win32
		{D05701D6-278E-47FE-9EFB-4A7FAA727181}.Debug|Mixed Platforms.ActiveCfg = Debug|Win32
		{D05701D6-278E-47FE-9EFB-4A7FAA727181}.Debug|Mixed Platforms.Build.0 = Debug|Win32
		{D05701D6-278E-47FE-9EFB-4A7FAA727181}.Debug|Win32.ActiveCfg = Debug|Win32
		{D05701D6-278E-47FE-9EFB-4A7FAA727181}.Debug|Win32.Build.0 = Debug|Win32
		{D05701D6-278E-47FE-9EFB-4A7FAA727181}.DLL|Any CPU.ActiveCfg = DLL|Win32
		{D05701D6-278E-47FE-9EFB-4A7FAA727181}.DLL|Mixed Platforms.ActiveCfg = DLL|Win32
		{D05701D6-278E-47FE-9EFB-4A7FAA727181}.DLL|Mixed Platforms.Build.0 = DLL|Win32
		{D05701D6-278E-47FE-9EFB-4A7FAA727181}.DLL|Win32.ActiveCfg = DLL|Win32
		{D05701D6-278E-47FE-9EFB-4A7FAA727181}.Intel_SSA|Any CPU.ActiveCfg = DLL|Win32
		{D05701D6-278E-47FE-9EFB-4A7FAA727181}.Intel_SSA|Mixed Platforms.ActiveCfg = DLL|Win32
		{D05701D6-278E-47FE-9EFB-4A7FAA727181}.Intel_SSA|Mixed Platforms.Build.0 = DLL|Win32
		{D05701D6-278E-47FE-9EFB-4A7FAA727181}.Intel_SSA|Win32.ActiveCfg = DLL|Win32
		{D05701D6-278E-47FE-9EFB-4A7FAA727181}.Intel_SSA|Win32.Build.0 = DLL|Win32
		{D05701D6-278E-47FE-9EFB-4A7FAA727181}.Release|Any CPU.ActiveCfg = Release|Win32
		{D05701D6-278E-47FE-9EFB-4A7FAA727181}.Release|Mixed Platforms.ActiveCfg = Release|Win32
		{D05701D6-278E-47FE-9EFB-4A7FAA727181}.Release|Mixed Platforms.Build.0 = Release|Win32
		{D05701D6-278E-47FE-9EFB-4A7FAA727181}.Release|Win32.ActiveCfg = Release|Win32
		{D05701D6-278E-47FE-9EFB-4A7FAA727181}.Release|Win32.Build.0 = Release|Win32
		{7EBE5945-DE7F-4165-A573-5784320DE6E9}.Debug|Any CPU.ActiveCfg = Debug|Win32
		{7EBE5945-DE7F-4165-A573-5784320DE6E9}.Debug|Mixed Platforms.ActiveCfg = Debug|Win32
		{7EBE5945-DE7F-4165-A573-5784320DE6E9}.Debug|Mixed Platforms.Build.0 = Debug|Win32
		{7EBE5945-DE7F-4165-A573-5784320DE6E9}.Debug|Win32.ActiveCfg = Debug|Win32
		{7EBE5945-DE7F-4165-A573-5784320DE6E9}.Debug|Win32.Build.0 = Debug|Win32
		{7EBE5945-DE7F-4165-A573-5784320DE6E9}.DLL|Any CPU.ActiveCfg = DLL|Win32
		{7EBE5945-DE7F-4165-A573-5784320DE6E9}.DLL|Mixed Platforms.ActiveCfg = DLL|Win32
		{7EBE5945-DE7F-4165-A573-5784320DE6E9}.DLL|Mixed Platforms.Build.0 = DLL|Win32
		{7EBE5945-DE7F-4165-A573-5784320DE6E9}.DLL|Win32.ActiveCfg = DLL|Win32
		{7EBE5945-DE7F-4165-A573-5784320DE6E9}.DLL|Win32.Build.0 = DLL|Win32
		{7EBE5945-DE7F-4165-A573-5784320DE6E9}.Intel_SSA|Any CPU.ActiveCfg = DLL|Win32
		{7EBE5945-DE7F-4165-A573-5784320DE6E9}.Intel_SSA|Mixed Platforms.ActiveCfg = DLL|Win32
		{7EBE5945-DE7F-4165-A573-5784320DE6E9}.Intel_SSA|Mixed Platforms.Build.0 = DLL|Win32
		{7EBE5945-DE7F-4165-A573-5784320DE6E9}.Intel_SSA|Win32.ActiveCfg = DLL|Win32
		{7EBE5945-DE7F-4165-A573-5784320DE6E9}.Intel_SSA|Win32.Build.0 = DLL|Win32
		{7EBE5945-DE7F-4165-A573-5784320DE6E9}.Release|Any CPU.ActiveCfg = Release|Win32
		{7EBE5945-DE7F-4165-A573-5784320DE6E9}.Release|Mixed Platforms.ActiveCfg = Release|Win32
		{7EBE5945-DE7F-4165-A573-5784320DE6E9}.Release|Mixed Platforms.Build.0 = Release|Win32
		{7EBE5945-DE7F-4165-A573-5784320DE6E9}.Release|Win32.ActiveCfg = Release|Win32
		{7EBE5945-DE7F-4165-A573-5784320DE6E9}.Release|Win32.Build.0 = Release|Win32
		{9F3C728A-E36D-4E57-9C61-E1642E781B3E}.Debug|Any CPU.ActiveCfg = Debug|Win32
		{9F3C728A-E36D-4E57-9C61-E1642E781B3E}.Debug|Mixed Platforms.ActiveCfg = Debug|Win32
		{9F3C728A-E36D-4E57-9C61-E1642E781B3E}.Debug|Mixed Platforms.Build.0 = Debug|Win32
		{9F3C728A-E36D-4E57-9C61-E1642E781B3E}.Debug|Win32.ActiveCfg = Debug|Win32
		{9F3C728A-E36D-4E57-9C61-E1642E781B3E}.DLL|Any CPU.ActiveCfg = DLL|Win32
		{9F3C728A-E36D-4E57-9C61-E1642E781B3E}.DLL|Mixed Platforms.ActiveCfg = DLL|Win32
		{9F3C728A-E36D-4E57-9C61-E1642E781B3E}.DLL|Mixed Platforms.Build.0 = DLL|Win32
		{9F3C728A-E36D-4E57-9C61-E1642E781B3E}.DLL|Win32.ActiveCfg = DLL|Win32
		{9F3C728A-E36D-4E57-9C61-E1642E781B3E}.Intel_SSA|Any CPU.ActiveCfg = DLL|Win32
		{9F3C728A-E36D-4E57-9C61-E1642E781B3E}.Intel_SSA|Mixed Platforms.ActiveCfg = DLL|Win32
		{9F3C728A-E36D-4E57-9C61-E1642E781B3E}.Intel_SSA|Mixed Platforms.Build.0 = DLL|Win32
		{9F3C728A-E36D-4E57-9C61-E1642E781B3E}.Intel_SSA|Win32.ActiveCfg = DLL|Win32
		{9F3C728A-E36D-4E57-9C61-E1642E781B3E}.Intel_SSA|Win32.Build.0 = DLL|Win32
		{9F3C728A-E36D-4E57-9C61-E1642E781B3E}.Release|Any CPU.ActiveCfg = Release|Win32
		{9F3C728A-E36D-4E57-9C61-E1642E781B3E}.Release|Mixed Platforms.ActiveCfg = Release|Win32
		{9F3C728A-E36D-4E57-9C61-E1642E781B3E}.Release|Mixed Platforms.Build.0 = Release|Win32
		{9F3C728A-E36D-4E57-9C61-E1642E781B3E}.Release|Win32.ActiveCfg = Release|Win32
		{9F3C728A-E36D-4E57-9C61-E1642E781B3E}.Release|Win32.Build.0 = Release|Win32
		{103A80C2-8A15-439B-9EC6-A146474E2EB5}.Debug|Any CPU.ActiveCfg = Debug|Win32
		{103A80C2-8A15-439B-9EC6-A146474E2EB5}.Debug|Mixed Platforms.ActiveCfg = Debug|Win32
		{103A80C2-8A15-439B-9EC6-A146474E2EB5}.Debug|Mixed Platforms.Build.0 = Debug|Win32
		{103A80C2-8A15-439B-9EC6-A146474E2EB5}.Debug|Win32.ActiveCfg = Debug|Win32
		{103A80C2-8A15-439B-9EC6-A146474E2EB5}.DLL|Any CPU.ActiveCfg = DLL|Win32
		{103A80C2-8A15-439B-9EC6-A146474E2EB5}.DLL|Mixed Platforms.ActiveCfg = DLL|Win32
		{103A80C2-8A15-439B-9EC6-A146474E2EB5}.DLL|Mixed Platforms.Build.0 = DLL|Win32
		{103A80C2-8A15-439B-9EC6-A146474E2EB5}.DLL|Win32.ActiveCfg = DLL|Win32
		{103A80C2-8A15-439B-9EC6-A146474E2EB5}.DLL|Win32.Build.0 = DLL|Win32
		{103A80C2-8A15-439B-9EC6-A146474E2EB5}.Intel_SSA|Any CPU.ActiveCfg = DLL|Win32
		{103A80C2-8A15-439B-9EC6-A146474E2EB5}.Intel_SSA|Mixed Platforms.ActiveCfg = DLL|Win32
		{103A80C2-8A15-439B-9EC6-A146474E2EB5}.Intel_SSA|Mixed Platforms.Build.0 = DLL|Win32
		{103A80C2-8A15-439B-9EC6-A146474E2EB5}.Intel_SSA|Win32.ActiveCfg = DLL|Win32
		{103A80C2-8A15-439B-9EC6-A146474E2EB5}.Intel_SSA|Win32.Build.0 = DLL|Win32
		{103A80C2-8A15-439B-9EC6-A146474E2EB5}.Release|Any CPU.ActiveCfg = Release|Win32
		{103A80C2-8A15-439B-9EC6-A146474E2EB5}.Release|Mixed Platforms.ActiveCfg = Release|Win32
		{103A80C2-8A15-439B-9EC6-A146474E2EB5}.Release|Mixed Platforms.Build.0 = Release|Win32
		{103A80C2-8A15-439B-9EC6-A146474E2EB5}.Release|Win32.ActiveCfg = Release|Win32
		{103A80C2-8A15-439B-9EC6-A146474E2EB5}.Release|Win32.Build.0 = Release|Win32
		{E24B75CE-C17D-4F93-9D92-7DFF2F36B13C}.Debug|Any CPU.ActiveCfg = Debug|Win32
		{E24B75CE-C17D-4F93-9D92-7DFF2F36B13C}.Debug|Mixed Platforms.ActiveCfg = Debug|Win32
		{E24B75CE-C17D-4F93-9D92-7DFF2F36B13C}.Debug|Mixed Platforms.Build.0 = Debug|Win32
		{E24B75CE-C17D-4F93-9D92-7DFF2F36B13C}.Debug|Win32.ActiveCfg = Debug|Win32
		{E24B75CE-C17D-4F93-9D92-7DFF2F36B13C}.DLL|Any CPU.ActiveCfg = DLL|Win32
		{E24B75CE-C17D-4F93-9D92-7DFF2F36B13C}.DLL|Mixed Platforms.ActiveCfg = DLL|Win32
		{E24B75CE-C17D-4F93-9D92-7DFF2F36B13C}.DLL|Mixed Platforms.Build.0 = DLL|Win32
		{E24B75CE-C17D-4F93-9D92-7DFF2F36B13C}.DLL|Win32.ActiveCfg = DLL|Win32
		{E24B75CE-C17D-4F93-9D92-7DFF2F36B13C}.DLL|Win32.Build.0 = DLL|Win32
		{E24B75CE-C17D-4F93-9D92-7DFF2F36B13C}.Intel_SSA|Any CPU.ActiveCfg = DLL|Win32
		{E24B75CE-C17D-4F93-9D92-7DFF2F36B13C}.Intel_SSA|Mixed Platforms.ActiveCfg = DLL|Win32
		{E24B75CE-C17D-4F93-9D92-7DFF2F36B13C}.Intel_SSA|Mixed Platforms.Build.0 = DLL|Win32
		{E24B75CE-C17D-4F93-9D92-7DFF2F36B13C}.Intel_SSA|Win32.ActiveCfg = DLL|Win32
		{E24B75CE-C17D-4F93-9D92-7DFF2F36B13C}.Intel_SSA|Win32.Build.0 = DLL|Win32
		{E24B75CE-C17D-4F93-9D92-7DFF2F36B13C}.Release|Any CPU.ActiveCfg = DLL|Win32
		{E24B75CE-C17D-4F93-9D92-7DFF2F36B13C}.Release|Mixed Platforms.ActiveCfg = DLL|Win32
		{E24B75CE-C17D-4F93-9D92-7DFF2F36B13C}.Release|Mixed Platforms.Build.0 = DLL|Win32
		{E24B75CE-C17D-4F93-9D92-7DFF2F36B13C}.Release|Win32.ActiveCfg = DLL|Win32
		{E24B75CE-C17D-4F93-9D92-7DFF2F36B13C}.Release|Win32.Build.0 = DLL|Win32
		{521862FC-E128-492E-87DC-9C0471F678EC}.Debug|Any CPU.ActiveCfg = Debug|Win32
		{521862FC-E128-492E-87DC-9C0471F678EC}.Debug|Mixed Platforms.ActiveCfg = Debug|Win32
		{521862FC-E128-492E-87DC-9C0471F678EC}.Debug|Mixed Platforms.Build.0 = Debug|Win32
		{521862FC-E128-492E-87DC-9C0471F678EC}.Debug|Win32.ActiveCfg = Debug|Win32
		{521862FC-E128-492E-87DC-9C0471F678EC}.Debug|Win32.Build.0 = Debug|Win32
		{521862FC-E128-492E-87DC-9C0471F678EC}.DLL|Any CPU.ActiveCfg = DLL|Win32
		{521862FC-E128-492E-87DC-9C0471F678EC}.DLL|Mixed Platforms.ActiveCfg = DLL|Win32
		{521862FC-E128-492E-87DC-9C0471F678EC}.DLL|Mixed Platforms.Build.0 = DLL|Win32
		{521862FC-E128-492E-87DC-9C0471F678EC}.DLL|Win32.ActiveCfg = DLL|Win32
		{521862FC-E128-492E-87DC-9C0471F678EC}.DLL|Win32.Build.0 = DLL|Win32
		{521862FC-E128-492E-87DC-9C0471F678EC}.Intel_SSA|Any CPU.ActiveCfg = DLL|Win32
		{521862FC-E128-492E-87DC-9C0471F678EC}.Intel_SSA|Mixed Platforms.ActiveCfg = DLL|Win32
		{521862FC-E128-492E-87DC-9C0471F678EC}.Intel_SSA|Mixed Platforms.Build.0 = DLL|Win32
		{521862FC-E128-492E-87DC-9C0471F678EC}.Intel_SSA|Win32.ActiveCfg = DLL|Win32
		{521862FC-E128-492E-87DC-9C0471F678EC}.Intel_SSA|Win32.Build.0 = DLL|Win32
		{521862FC-E128-492E-87DC-9C0471F678EC}.Release|Any CPU.ActiveCfg = Release|Win32
		{521862FC-E128-492E-87DC-9C0471F678EC}.Release|Mixed Platforms.ActiveCfg = Release|Win32
		{521862FC-E128-492E-87DC-9C0471F678EC}.Release|Mixed Platforms.Build.0 = Release|Win32
		{521862FC-E128-492E-87DC-9C0471F678EC}.Release|Win32.ActiveCfg = Release|Win32
		{521862FC-E128-492E-87DC-9C0471F678EC}.Release|Win32.Build.0 = Release|Win32
		{05D1DBF4-B135-4E7A-A795-14DBAEFBAE7B}.Debug|Any CPU.ActiveCfg = Debug|Win32
		{05D1DBF4-B135-4E7A-A795-14DBAEFBAE7B}.Debug|Mixed Platforms.ActiveCfg = Debug|Win32
		{05D1DBF4-B135-4E7A-A795-14DBAEFBAE7B}.Debug|Mixed Platforms.Build.0 = Debug|Win32
		{05D1DBF4-B135-4E7A-A795-14DBAEFBAE7B}.Debug|Win32.ActiveCfg = Debug|Win32
		{05D1DBF4-B135-4E7A-A795-14DBAEFBAE7B}.Debug|Win32.Build.0 = Debug|Win32
		{05D1DBF4-B135-4E7A-A795-14DBAEFBAE7B}.DLL|Any CPU.ActiveCfg = Debug|Win32
		{05D1DBF4-B135-4E7A-A795-14DBAEFBAE7B}.DLL|Mixed Platforms.ActiveCfg = Debug|Win32
		{05D1DBF4-B135-4E7A-A795-14DBAEFBAE7B}.DLL|Mixed Platforms.Build.0 = Debug|Win32
		{05D1DBF4-B135-4E7A-A795-14DBAEFBAE7B}.DLL|Win32.ActiveCfg = Debug|Win32
		{05D1DBF4-B135-4E7A-A795-14DBAEFBAE7B}.DLL|Win32.Build.0 = Debug|Win32
		{05D1DBF4-B135-4E7A-A795-14DBAEFBAE7B}.Intel_SSA|Any CPU.ActiveCfg = Release|Win32
		{05D1DBF4-B135-4E7A-A795-14DBAEFBAE7B}.Intel_SSA|Mixed Platforms.ActiveCfg = Release|Win32
		{05D1DBF4-B135-4E7A-A795-14DBAEFBAE7B}.Intel_SSA|Mixed Platforms.Build.0 = Release|Win32
		{05D1DBF4-B135-4E7A-A795-14DBAEFBAE7B}.Intel_SSA|Win32.ActiveCfg = Release|Win32
		{05D1DBF4-B135-4E7A-A795-14DBAEFBAE7B}.Intel_SSA|Win32.Build.0 = Release|Win32
		{05D1DBF4-B135-4E7A-A795-14DBAEFBAE7B}.Release|Any CPU.ActiveCfg = Release|Win32
		{05D1DBF4-B135-4E7A-A795-14DBAEFBAE7B}.Release|Mixed Platforms.ActiveCfg = Release|Win32
		{05D1DBF4-B135-4E7A-A795-14DBAEFBAE7B}.Release|Mixed Platforms.Build.0 = Release|Win32
		{05D1DBF4-B135-4E7A-A795-14DBAEFBAE7B}.Release|Win32.ActiveCfg = Release|Win32
		{05D1DBF4-B135-4E7A-A795-14DBAEFBAE7B}.Release|Win32.Build.0 = Release|Win32
		{125CD990-5E4A-4E67-9F2F-7E62C8025526}.Debug|Any CPU.ActiveCfg = Debug|Win32
		{125CD990-5E4A-4E67-9F2F-7E62C8025526}.Debug|Mixed Platforms.ActiveCfg = Debug|Win32
		{125CD990-5E4A-4E67-9F2F-7E62C8025526}.Debug|Mixed Platforms.Build.0 = Debug|Win32
		{125CD990-5E4A-4E67-9F2F-7E62C8025526}.Debug|Win32.ActiveCfg = Debug|Win32
		{125CD990-5E4A-4E67-9F2F-7E62C8025526}.Debug|Win32.Build.0 = Debug|Win32
		{125CD990-5E4A-4E67-9F2F-7E62C8025526}.DLL|Any CPU.ActiveCfg = Debug|Win32
		{125CD990-5E4A-4E67-9F2F-7E62C8025526}.DLL|Mixed Platforms.ActiveCfg = Debug|Win32
		{125CD990-5E4A-4E67-9F2F-7E62C8025526}.DLL|Mixed Platforms.Build.0 = Debug|Win32
		{125CD990-5E4A-4E67-9F2F-7E62C8025526}.DLL|Win32.ActiveCfg = Debug|Win32
		{125CD990-5E4A-4E67-9F2F-7E62C8025526}.DLL|Win32.Build.0 = Debug|Win32
		{125CD990-5E4A-4E67-9F2F-7E62C8025526}.Intel_SSA|Any CPU.ActiveCfg = Release|Win32
		{125CD990-5E4A-4E67-9F2F-7E62C8025526}.Intel_SSA|Mixed Platforms.ActiveCfg = Release|Win32
		{125CD990-5E4A-4E67-9F2F-7E62C8025526}.Intel_SSA|Mixed Platforms.Build.0 = Release|Win32
		{125CD990-5E4A-4E67-9F2F-7E62C8025526}.Intel_SSA|Win32.ActiveCfg = Release|Win32
		{125CD990-5E4A-4E67-9F2F-7E62C8025526}.Intel_SSA|Win32.Build.0 = Release|Win32
		{125CD990-5E4A-4E67-9F2F-7E62C8025526}.Release|Any CPU.ActiveCfg = Release|Win32
		{125CD990-5E4A-4E67-9F2F-7E62C8025526}.Release|Mixed Platforms.ActiveCfg = Release|Win32
		{125CD990-5E4A-4E67-9F2F-7E62C8025526}.Release|Mixed Platforms.Build.0 = Release|Win32
		{125CD990-5E4A-4E67-9F2F-7E62C8025526}.Release|Win32.ActiveCfg = Release|Win32
		{125CD990-5E4A-4E67-9F2F-7E62C8025526}.Release|Win32.Build.0 = Release|Win32
		{54CB74E3-1335-4C2C-ACDD-97F3B39B856E}.Debug|Any CPU.ActiveCfg = Debug|Win32
		{54CB74E3-1335-4C2C-ACDD-97F3B39B856E}.Debug|Mixed Platforms.ActiveCfg = Debug|Win32
		{54CB74E3-1335-4C2C-ACDD-97F3B39B856E}.Debug|Mixed Platforms.Build.0 = Debug|Win32
		{54CB74E3-1335-4C2C-ACDD-97F3B39B856E}.Debug|Win32.ActiveCfg = Debug|Win32
		{54CB74E3-1335-4C2C-ACDD-97F3B39B856E}.Debug|Win32.Build.0 = Debug|Win32
		{54CB74E3-1335-4C2C-ACDD-97F3B39B856E}.DLL|Any CPU.ActiveCfg = Debug|Win32
		{54CB74E3-1335-4C2C-ACDD-97F3B39B856E}.DLL|Mixed Platforms.ActiveCfg = Debug|Win32
		{54CB74E3-1335-4C2C-ACDD-97F3B39B856E}.DLL|Mixed Platforms.Build.0 = Debug|Win32
		{54CB74E3-1335-4C2C-ACDD-97F3B39B856E}.DLL|Win32.ActiveCfg = Debug|Win32
		{54CB74E3-1335-4C2C-ACDD-97F3B39B856E}.DLL|Win32.Build.0 = Debug|Win32
		{54CB74E3-1335-4C2C-ACDD-97F3B39B856E}.Intel_SSA|Any CPU.ActiveCfg = Release|Win32
		{54CB74E3-1335-4C2C-ACDD-97F3B39B856E}.Intel_SSA|Mixed Platforms.ActiveCfg = Release|Win32
		{54CB74E3-1335-4C2C-ACDD-97F3B39B856E}.Intel_SSA|Mixed Platforms.Build.0 = Release|Win32
		{54CB74E3-1335-4C2C-ACDD-97F3B39B856E}.Intel_SSA|Win32.ActiveCfg = Release|Win32
		{54CB74E3-1335-4C2C-ACDD-97F3B39B856E}.Intel_SSA|Win32.Build.0 = Release|Win32
		{54CB74E3-1335-4C2C-ACDD-97F3B39B856E}.Release|Any CPU.ActiveCfg = Release|Win32
		{54CB74E3-1335-4C2C-ACDD-97F3B39B856E}.Release|Mixed Platforms.ActiveCfg = Release|Win32
		{54CB74E3-1335-4C2C-ACDD-97F3B39B856E}.Release|Mixed Platforms.Build.0 = Release|Win32
		{54CB74E3-1335-4C2C-ACDD-97F3B39B856E}.Release|Win32.ActiveCfg = Release|Win32
		{54CB74E3-1335-4C2C-ACDD-97F3B39B856E}.Release|Win32.Build.0 = Release|Win32
		{900B4C2C-75CD-4AF7-905A-C7A2CF90344A}.Debug|Any CPU.ActiveCfg = Debug|Win32
		{900B4C2C-75CD-4AF7-905A-C7A2CF90344A}.Debug|Mixed Platforms.ActiveCfg = Debug|Win32
		{900B4C2C-75CD-4AF7-905A-C7A2CF90344A}.Debug|Mixed Platforms.Build.0 = Debug|Win32
		{900B4C2C-75CD-4AF7-905A-C7A2CF90344A}.Debug|Win32.ActiveCfg = Debug|Win32
		{900B4C2C-75CD-4AF7-905A-C7A2CF90344A}.Debug|Win32.Build.0 = Debug|Win32
		{900B4C2C-75CD-4AF7-905A-C7A2CF90344A}.DLL|Any CPU.ActiveCfg = DLL|Win32
		{900B4C2C-75CD-4AF7-905A-C7A2CF90344A}.DLL|Mixed Platforms.ActiveCfg = DLL|Win32
		{900B4C2C-75CD-4AF7-905A-C7A2CF90344A}.DLL|Mixed Platforms.Build.0 = DLL|Win32
		{900B4C2C-75CD-4AF7-905A-C7A2CF90344A}.DLL|Win32.ActiveCfg = DLL|Win32
		{900B4C2C-75CD-4AF7-905A-C7A2CF90344A}.DLL|Win32.Build.0 = DLL|Win32
		{900B4C2C-75CD-4AF7-905A-C7A2CF90344A}.Intel_SSA|Any CPU.ActiveCfg = DLL|Win32
		{900B4C2C-75CD-4AF7-905A-C7A2CF90344A}.Intel_SSA|Mixed Platforms.ActiveCfg = DLL|Win32
		{900B4C2C-75CD-4AF7-905A-C7A2CF90344A}.Intel_SSA|Win32.ActiveCfg = DLL|Win32
		{900B4C2C-75CD-4AF7-905A-C7A2CF90344A}.Release|Any CPU.ActiveCfg = Release|Win32
		{900B4C2C-75CD-4AF7-905A-C7A2CF90344A}.Release|Mixed Platforms.ActiveCfg = Release|Win32
		{900B4C2C-75CD-4AF7-905A-C7A2CF90344A}.Release|Mixed Platforms.Build.0 = Release|Win32
		{900B4C2C-75CD-4AF7-905A-C7A2CF90344A}.Release|Win32.ActiveCfg = Release|Win32
		{900B4C2C-75CD-4AF7-905A-C7A2CF90344A}.Release|Win32.Build.0 = Release|Win32
		{5DC35BAD-0999-4CEE-9878-9FFFF8E73CF5}.Debug|Any CPU.ActiveCfg = Debug|Win32
		{5DC35BAD-0999-4CEE-9878-9FFFF8E73CF5}.Debug|Mixed Platforms.ActiveCfg = Debug|Win32
		{5DC35BAD-0999-4CEE-9878-9FFFF8E73CF5}.Debug|Mixed Platforms.Build.0 = Debug|Win32
		{5DC35BAD-0999-4CEE-9878-9FFFF8E73CF5}.Debug|Win32.ActiveCfg = Debug|Win32
		{5DC35BAD-0999-4CEE-9878-9FFFF8E73CF5}.Debug|Win32.Build.0 = Debug|Win32
		{5DC35BAD-0999-4CEE-9878-9FFFF8E73CF5}.DLL|Any CPU.ActiveCfg = Debug|Win32
		{5DC35BAD-0999-4CEE-9878-9FFFF8E73CF5}.DLL|Mixed Platforms.ActiveCfg = Debug|Win32
		{5DC35BAD-0999-4CEE-9878-9FFFF8E73CF5}.DLL|Mixed Platforms.Build.0 = Debug|Win32
		{5DC35BAD-0999-4CEE-9878-9FFFF8E73CF5}.DLL|Win32.ActiveCfg = Debug|Win32
		{5DC35BAD-0999-4CEE-9878-9FFFF8E73CF5}.DLL|Win32.Build.0 = Debug|Win32
		{5DC35BAD-0999-4CEE-9878-9FFFF8E73CF5}.Intel_SSA|Any CPU.ActiveCfg = Release|Win32
		{5DC35BAD-0999-4CEE-9878-9FFFF8E73CF5}.Intel_SSA|Mixed Platforms.ActiveCfg = Release|Win32
		{5DC35BAD-0999-4CEE-9878-9FFFF8E73CF5}.Intel_SSA|Win32.ActiveCfg = Release|Win32
		{5DC35BAD-0999-4CEE-9878-9FFFF8E73CF5}.Release|Any CPU.ActiveCfg = Release|Win32
		{5DC35BAD-0999-4CEE-9878-9FFFF8E73CF5}.Release|Mixed Platforms.ActiveCfg = Release|Win32
		{5DC35BAD-0999-4CEE-9878-9FFFF8E73CF5}.Release|Mixed Platforms.Build.0 = Release|Win32
		{5DC35BAD-0999-4CEE-9878-9FFFF8E73CF5}.Release|Win32.ActiveCfg = Release|Win32
		{5DC35BAD-0999-4CEE-9878-9FFFF8E73CF5}.Release|Win32.Build.0 = Release|Win32
	EndGlobalSection
	GlobalSection(SolutionProperties) = preSolution
		HideSolutionNode = FALSE
	EndGlobalSection
EndGlobal
